
Microsoft Visual Studio Solution File, Format Version 12.00
# Visual Studio Version 17
VisualStudioVersion = 17.14.36121.58
MinimumVisualStudioVersion = 10.0.40219.1
Project("{FAE04EC0-301F-11D3-BF4B-00C04F79EFBC}") = "WallOfKindness.Web", "MomotarJhuri.Web\WallOfKindness.Web.csproj", "{750E2717-35CF-42D9-9CA0-24D7DF7E565A}"
EndProject
Project("{FAE04EC0-301F-11D3-BF4B-00C04F79EFBC}") = "WallOfKindness.Domain", "MomotarJhuri.Domain\WallOfKindness.Domain.csproj", "{70AB22C1-A1CC-480F-AC76-2A1124614A31}"
EndProject
Project("{FAE04EC0-301F-11D3-BF4B-00C04F79EFBC}") = "WallOfKindness.Application", "MomotarJhuri.Application\WallOfKindness.Application.csproj", "{23D3D059-F0A4-449A-8447-8F998A7BA5B0}"
EndProject
Project("{FAE04EC0-301F-11D3-BF4B-00C04F79EFBC}") = "WallOfKindness.Infractructure", "MomotarJhuri.Infractructure\WallOfKindness.Infractructure.csproj", "{CFC31759-AC9B-496E-85A3-2DAE3BCDD600}"
EndProject
Project("{FAE04EC0-301F-11D3-BF4B-00C04F79EFBC}") = "WallOfKindness.UnitTests", "MomotarJhuri.UnitTests\WallOfKindness.UnitTests.csproj", "{A94399E1-6F70-4FAD-81E1-F8D592ABDA15}"
EndProject
Global
	GlobalSection(SolutionConfigurationPlatforms) = preSolution
		Debug|Any CPU = Debug|Any CPU
		Release|Any CPU = Release|Any CPU
	EndGlobalSection
	GlobalSection(ProjectConfigurationPlatforms) = postSolution
		{750E2717-35CF-42D9-9CA0-24D7DF7E565A}.Debug|Any CPU.ActiveCfg = Debug|Any CPU
		{750E2717-35CF-42D9-9CA0-24D7DF7E565A}.Debug|Any CPU.Build.0 = Debug|Any CPU
		{750E2717-35CF-42D9-9CA0-24D7DF7E565A}.Release|Any CPU.ActiveCfg = Release|Any CPU
		{750E2717-35CF-42D9-9CA0-24D7DF7E565A}.Release|Any CPU.Build.0 = Release|Any CPU
		{70AB22C1-A1CC-480F-AC76-2A1124614A31}.Debug|Any CPU.ActiveCfg = Debug|Any CPU
		{70AB22C1-A1CC-480F-AC76-2A1124614A31}.Debug|Any CPU.Build.0 = Debug|Any CPU
		{70AB22C1-A1CC-480F-AC76-2A1124614A31}.Release|Any CPU.ActiveCfg = Release|Any CPU
		{70AB22C1-A1CC-480F-AC76-2A1124614A31}.Release|Any CPU.Build.0 = Release|Any CPU
		{23D3D059-F0A4-449A-8447-8F998A7BA5B0}.Debug|Any CPU.ActiveCfg = Debug|Any CPU
		{23D3D059-F0A4-449A-8447-8F998A7BA5B0}.Debug|Any CPU.Build.0 = Debug|Any CPU
		{23D3D059-F0A4-449A-8447-8F998A7BA5B0}.Release|Any CPU.ActiveCfg = Release|Any CPU
		{23D3D059-F0A4-449A-8447-8F998A7BA5B0}.Release|Any CPU.Build.0 = Release|Any CPU
		{CFC31759-AC9B-496E-85A3-2DAE3BCDD600}.Debug|Any CPU.ActiveCfg = Debug|Any CPU
		{CFC31759-AC9B-496E-85A3-2DAE3BCDD600}.Debug|Any CPU.Build.0 = Debug|Any CPU
		{CFC31759-AC9B-496E-85A3-2DAE3BCDD600}.Release|Any CPU.ActiveCfg = Release|Any CPU
		{CFC31759-AC9B-496E-85A3-2DAE3BCDD600}.Release|Any CPU.Build.0 = Release|Any CPU
		{A94399E1-6F70-4FAD-81E1-F8D592ABDA15}.Debug|Any CPU.ActiveCfg = Debug|Any CPU
		{A94399E1-6F70-4FAD-81E1-F8D592ABDA15}.Debug|Any CPU.Build.0 = Debug|Any CPU
		{A94399E1-6F70-4FAD-81E1-F8D592ABDA15}.Release|Any CPU.ActiveCfg = Release|Any CPU
		{A94399E1-6F70-4FAD-81E1-F8D592ABDA15}.Release|Any CPU.Build.0 = Release|Any CPU
	EndGlobalSection
	GlobalSection(SolutionProperties) = preSolution
		HideSolutionNode = FALSE
	EndGlobalSection
	GlobalSection(ExtensibilityGlobals) = postSolution
		SolutionGuid = {793E4C87-30ED-4F1F-AFFF-C593D3CF6D43}
	EndGlobalSection
EndGlobal
